{
    "name": "@socialize/messaging",
    "version": "1.2.3",
    "lockfileVersion": 1,
    "requires": true,
    "dependencies": {
        "@react-native-community/async-storage": {
            "version": "1.12.1",
            "resolved": "https://registry.npmjs.org/@react-native-community/async-storage/-/async-storage-1.12.1.tgz",
            "integrity": "sha512-70WGaH3PKYASi4BThuEEKMkyAgE9k7VytBqmgPRx3MzJx9/MkspwqJGmn3QLCgHLIFUgF1pit2mWICbRJ3T3lg==",
            "optional": true,
            "requires": {
                "deep-assign": "^3.0.0"
            }
        },
        "@react-native-community/netinfo": {
            "version": "5.9.4",
            "resolved": "https://registry.npmjs.org/@react-native-community/netinfo/-/netinfo-5.9.4.tgz",
            "integrity": "sha512-mb664NOqPvyUZ4TznzdYEfdS3OhSXWGbZprgsDZn4THw2X/4wcBFcBUeWuMzeQ56KhY0rm/YBBlZWHrSf3C/Aw==",
            "optional": true
        },
        "@socialize/base-model": {
            "version": "1.1.7",
            "resolved": "https://registry.npmjs.org/@socialize/base-model/-/base-model-1.1.7.tgz",
            "integrity": "sha512-xRijKXkC+CEDKwIYkvSXmzYBN7MCR5clKjS4KrHF1R+Wqe9XRRUNfuCxB0z/Aa+tHR+gLhsbY0zjloIPm3qJaQ==",
            "requires": {
                "@socialize/react-native-meteor-collection2": "^1.1.1",
                "@socialize/server-time": "^1.0.3",
                "mongodb-diff": "^0.4.4"
            }
        },
        "@socialize/linkable-model": {
            "version": "1.0.6",
            "resolved": "https://registry.npmjs.org/@socialize/linkable-model/-/linkable-model-1.0.6.tgz",
            "integrity": "sha512-afqA9l2RlSqqeHhPgn7ohquOi9ZZ5dULnVqX5o4AIYZVJVEJrTdzP0HSW5lItWGwkn/NA9lFtNb2i8RXjKvqDw==",
            "requires": {
                "@socialize/base-model": "^1.1.7"
            }
        },
        "@socialize/react-native-meteor": {
            "version": "2.0.2",
            "resolved": "https://registry.npmjs.org/@socialize/react-native-meteor/-/react-native-meteor-2.0.2.tgz",
            "integrity": "sha512-yTzm+tlyu0hVW9QPWlsSS8SGqsQT6LM2Na4g+i1J/cwW0HXqZiDZQ8oSZDgolHDkcaMjvAMT4NWmWBoYXxvZHw==",
            "requires": {
                "@react-native-community/async-storage": "^1.11.0",
                "@react-native-community/netinfo": "5.9.4",
                "base-64": "^0.1.0",
                "crypto-js": "^3.1.9-1",
                "ejson": "^2.2.0",
                "minimongo-cache": "0.0.49",
                "trackr": "^2.0.2",
                "wolfy87-eventemitter": "^5.2.9"
            }
        },
        "@socialize/react-native-meteor-collection2": {
            "version": "1.1.1",
            "resolved": "https://registry.npmjs.org/@socialize/react-native-meteor-collection2/-/react-native-meteor-collection2-1.1.1.tgz",
            "integrity": "sha512-HLvS6FTTjsc6WytZg74XhVbMgOuFj5mxVts48fNjpWhvpKv0J7WNHI5L8mpNax60YFPPZ/dcpLSTDuduauvEQQ==",
            "requires": {
                "@socialize/react-native-meteor": "^2.0.2",
                "clone": "^2.1.2",
                "ejson": "^2.2.0",
                "lodash.isempty": "^4.4.0",
                "lodash.isequal": "^4.5.0",
                "lodash.isobject": "^3.0.2",
                "simpl-schema": "^1.9.0",
                "wolfy87-eventemitter": "^5.2.9"
            }
        },
        "@socialize/server-time": {
            "version": "1.0.3",
            "resolved": "https://registry.npmjs.org/@socialize/server-time/-/server-time-1.0.3.tgz",
            "integrity": "sha512-KH2J1kQW9SuKMa73d64Uu4LEBbx3DOEP2a3xtHRVWbQB76JKKwTJvw4OtpDh4g43GhqmbYMUkMEhx8TX0Pce8g==",
            "requires": {
                "@socialize/react-native-meteor": "^3.0.2"
            },
            "dependencies": {
                "@socialize/react-native-meteor": {
                    "version": "3.0.2",
                    "resolved": "https://registry.npmjs.org/@socialize/react-native-meteor/-/react-native-meteor-3.0.2.tgz",
                    "integrity": "sha512-WjDNypo61dqoblmm2jkSJaRz+bMq27Th6V5gJCKBNJcckMnmVjAjov+7c75ofEca/rbA5bvr4zwAy/eduTuwCw==",
                    "requires": {
                        "base-64": "^0.1.0",
                        "crypto-js": "^3.3.0",
                        "ejson": "^2.2.0",
                        "minimongo-cache": "0.0.49",
                        "trackr": "^2.0.2",
                        "wolfy87-eventemitter": "^5.2.9"
                    }
                }
            }
        },
        "@socialize/user-presence": {
            "version": "1.0.4",
            "resolved": "https://registry.npmjs.org/@socialize/user-presence/-/user-presence-1.0.4.tgz",
            "integrity": "sha512-wfZh0vDyj9hedzgcUUfL69bGIrWMAy4Rl16QecKVs04MKpVb9wsjWzOwXHMT2axxCIINQwP5ULWthBMHFEatNw=="
        },
        "babel-runtime": {
            "version": "6.26.0",
            "resolved": "https://registry.npmjs.org/babel-runtime/-/babel-runtime-6.26.0.tgz",
            "integrity": "sha1-llxwWGaOgrVde/4E/yM3vItWR/4=",
            "requires": {
                "core-js": "^2.4.0",
                "regenerator-runtime": "^0.11.0"
            }
        },
        "balanced-match": {
            "version": "1.0.0",
            "resolved": "https://registry.npmjs.org/balanced-match/-/balanced-match-1.0.0.tgz",
            "integrity": "sha1-ibTRmasr7kneFk6gK4nORi1xt2c=",
            "dev": true
        },
        "base-64": {
            "version": "0.1.0",
            "resolved": "https://registry.npmjs.org/base-64/-/base-64-0.1.0.tgz",
            "integrity": "sha1-eAqZyE59YAJgNhURxId2E78k9rs="
        },
        "brace-expansion": {
            "version": "1.1.11",
            "resolved": "https://registry.npmjs.org/brace-expansion/-/brace-expansion-1.1.11.tgz",
            "integrity": "sha512-iCuPHDFgrHX7H2vEI/5xpz07zSHB00TpugqhmYtVmMO6518mCuRMoOYFldEBl0g187ufozdaHgWKcYFb61qGiA==",
            "dev": true,
            "requires": {
                "balanced-match": "^1.0.0",
                "concat-map": "0.0.1"
            }
        },
        "clone": {
            "version": "2.1.2",
            "resolved": "https://registry.npmjs.org/clone/-/clone-2.1.2.tgz",
            "integrity": "sha1-G39Ln1kfHo+DZwQBYANFoCiHQ18="
        },
        "concat-map": {
            "version": "0.0.1",
            "resolved": "https://registry.npmjs.org/concat-map/-/concat-map-0.0.1.tgz",
            "integrity": "sha1-2Klr13/Wjfd5OnMDajug1UBdR3s=",
            "dev": true
        },
        "core-js": {
            "version": "2.6.12",
            "resolved": "https://registry.npmjs.org/core-js/-/core-js-2.6.12.tgz",
            "integrity": "sha512-Kb2wC0fvsWfQrgk8HU5lW6U/Lcs8+9aaYcy4ZFc6DDlo4nZ7n70dEgE5rtR0oG6ufKDUnrwfWL1mXR5ljDatrQ=="
        },
        "crypto-js": {
            "version": "3.3.0",
            "resolved": "https://registry.npmjs.org/crypto-js/-/crypto-js-3.3.0.tgz",
            "integrity": "sha512-DIT51nX0dCfKltpRiXV+/TVZq+Qq2NgF4644+K7Ttnla7zEzqc+kjJyiB96BHNyUTBxyjzRcZYpUdZa+QAqi6Q=="
        },
        "deep-assign": {
            "version": "3.0.0",
            "resolved": "https://registry.npmjs.org/deep-assign/-/deep-assign-3.0.0.tgz",
            "integrity": "sha512-YX2i9XjJ7h5q/aQ/IM9PEwEnDqETAIYbggmdDB3HLTlSgo1CxPsj6pvhPG68rq6SVE0+p+6Ywsm5fTYNrYtBWw==",
            "optional": true,
            "requires": {
                "is-obj": "^1.0.0"
            }
        },
        "deep-diff": {
            "version": "0.3.8",
            "resolved": "https://registry.npmjs.org/deep-diff/-/deep-diff-0.3.8.tgz",
            "integrity": "sha1-wB3mPvsO7JeYgB1Ax+Da4ltYLIQ="
        },
        "ejson": {
            "version": "2.2.1",
            "resolved": "https://registry.npmjs.org/ejson/-/ejson-2.2.1.tgz",
            "integrity": "sha512-Tah5TfXynM7dCqnI/YyyI93/vN0hwXQrimNNzXIKmhr11vGrVtXhzwZ4Gyx+AHb4FqJa0YQORoaKnJHRB1TnwQ=="
        },
        "eventemitter3": {
            "version": "1.2.0",
            "resolved": "https://registry.npmjs.org/eventemitter3/-/eventemitter3-1.2.0.tgz",
            "integrity": "sha1-HIaZHYFq0eUEdQ5zh0Ik7PO+xQg="
        },
        "fs.realpath": {
            "version": "1.0.0",
            "resolved": "https://registry.npmjs.org/fs.realpath/-/fs.realpath-1.0.0.tgz",
            "integrity": "sha1-FQStJSMVjKpA20onh8sBQRmU6k8=",
            "dev": true
        },
        "glob": {
            "version": "7.1.6",
            "resolved": "https://registry.npmjs.org/glob/-/glob-7.1.6.tgz",
            "integrity": "sha512-LwaxwyZ72Lk7vZINtNNrywX0ZuLyStrdDtabefZKAY5ZGJhVtgdznluResxNmPitE0SAO+O26sWTHeKSI2wMBA==",
            "dev": true,
            "requires": {
                "fs.realpath": "^1.0.0",
                "inflight": "^1.0.4",
                "inherits": "2",
                "minimatch": "^3.0.4",
                "once": "^1.3.0",
                "path-is-absolute": "^1.0.0"
            }
        },
        "inflight": {
            "version": "1.0.6",
            "resolved": "https://registry.npmjs.org/inflight/-/inflight-1.0.6.tgz",
            "integrity": "sha1-Sb1jMdfQLQwJvJEKEHW6gWW1bfk=",
            "dev": true,
            "requires": {
                "once": "^1.3.0",
                "wrappy": "1"
            }
        },
        "inherits": {
            "version": "2.0.4",
            "resolved": "https://registry.npmjs.org/inherits/-/inherits-2.0.4.tgz",
            "integrity": "sha512-k/vGaX4/Yla3WzyMCvTQOXYeIHvqOKtnqBduzTHpzpQZzAskKMhZ2K+EnBiSM9zGSoIFeMpXKxa4dYeZIQqewQ==",
            "dev": true
        },
        "invariant": {
            "version": "2.2.4",
            "resolved": "https://registry.npmjs.org/invariant/-/invariant-2.2.4.tgz",
            "integrity": "sha512-phJfQVBuaJM5raOpJjSfkiD6BpbCE4Ns//LaXl6wGYtUBY83nWS6Rf9tXm2e8VaK60JEjYldbPif/A2B1C2gNA==",
            "requires": {
                "loose-envify": "^1.0.0"
            }
        },
        "is-obj": {
            "version": "1.0.1",
            "resolved": "https://registry.npmjs.org/is-obj/-/is-obj-1.0.1.tgz",
            "integrity": "sha1-PkcprB9f3gJc19g6iW2rn09n2w8=",
            "optional": true
        },
        "js-tokens": {
            "version": "4.0.0",
            "resolved": "https://registry.npmjs.org/js-tokens/-/js-tokens-4.0.0.tgz",
            "integrity": "sha512-RdJUflcE3cUzKiMqQgsCu06FPu9UdIJO0beYbPhHN4k6apgJtifcoCtT9bcxOpYBtpD2kCM6Sbzg4CausW/PKQ=="
        },
        "lodash": {
            "version": "2.4.2",
            "resolved": "https://registry.npmjs.org/lodash/-/lodash-2.4.2.tgz",
            "integrity": "sha1-+t2DS5aDBz2hebPq5tnA0VBT9z4="
        },
        "lodash._reinterpolate": {
            "version": "3.0.0",
            "resolved": "https://registry.npmjs.org/lodash._reinterpolate/-/lodash._reinterpolate-3.0.0.tgz",
            "integrity": "sha1-DM8tiRZq8Ds2Y8eWU4t1rG4RTZ0="
        },
        "lodash.isempty": {
            "version": "4.4.0",
            "resolved": "https://registry.npmjs.org/lodash.isempty/-/lodash.isempty-4.4.0.tgz",
            "integrity": "sha1-b4bL7di+TsmHvpqvM8loTbGzHn4="
        },
        "lodash.isequal": {
            "version": "4.5.0",
            "resolved": "https://registry.npmjs.org/lodash.isequal/-/lodash.isequal-4.5.0.tgz",
            "integrity": "sha1-QVxEePK8wwEgwizhDtMib30+GOA="
        },
        "lodash.isobject": {
            "version": "3.0.2",
            "resolved": "https://registry.npmjs.org/lodash.isobject/-/lodash.isobject-3.0.2.tgz",
            "integrity": "sha1-PI+41bW/S/kK4G4U8qUwpO2TXh0="
        },
        "lodash.template": {
            "version": "4.5.0",
            "resolved": "https://registry.npmjs.org/lodash.template/-/lodash.template-4.5.0.tgz",
            "integrity": "sha512-84vYFxIkmidUiFxidA/KjjH9pAycqW+h980j7Fuz5qxRtO9pgB7MDFTdys1N7A5mcucRiDyEq4fusljItR1T/A==",
            "requires": {
                "lodash._reinterpolate": "^3.0.0",
                "lodash.templatesettings": "^4.0.0"
            }
        },
        "lodash.templatesettings": {
            "version": "4.2.0",
            "resolved": "https://registry.npmjs.org/lodash.templatesettings/-/lodash.templatesettings-4.2.0.tgz",
            "integrity": "sha512-stgLz+i3Aa9mZgnjr/O+v9ruKZsPsndy7qPZOchbqk2cnTU1ZaldKK+v7m54WoKIyxiuMZTKT2H81F8BeAc3ZQ==",
            "requires": {
                "lodash._reinterpolate": "^3.0.0"
            }
        },
        "loose-envify": {
            "version": "1.4.0",
            "resolved": "https://registry.npmjs.org/loose-envify/-/loose-envify-1.4.0.tgz",
            "integrity": "sha512-lyuxPGr/Wfhrlem2CL/UcnUc1zcqKAImBDzukY7Y5F/yQiNdko6+fRLevlw1HgMySw7f611UIY408EtxRSoK3Q==",
            "requires": {
                "js-tokens": "^3.0.0 || ^4.0.0"
            }
        },
        "message-box": {
            "version": "0.2.7",
            "resolved": "https://registry.npmjs.org/message-box/-/message-box-0.2.7.tgz",
            "integrity": "sha512-C4ccA5nHb58kTS+pLrgF/JWtr7fAIkHxRDceH7tdy5fMA783nUfbYwZ7H2XLvSeYfcnWIYCig5dWW+icK9X/Ag==",
            "requires": {
                "lodash.template": "^4.5.0"
            }
        },
        "minimatch": {
            "version": "3.1.2",
            "resolved": "https://registry.npmjs.org/minimatch/-/minimatch-3.1.2.tgz",
            "integrity": "sha512-J7p63hRiAjw1NDEww1W7i37+ByIrOWO5XQQAzZ3VOcL0PNybwpfmV/N05zFAzwQ9USyEcX6t3UO+K5aqBQOIHw==",
            "dev": true,
            "requires": {
                "brace-expansion": "^1.1.7"
            }
        },
        "minimongo-cache": {
            "version": "0.0.49",
            "resolved": "https://registry.npmjs.org/minimongo-cache/-/minimongo-cache-0.0.49.tgz",
            "integrity": "sha1-jrvmqE4wzmhdEL7QDuVzPY+p+II=",
            "requires": {
                "eventemitter3": "^1.1.0",
                "invariant": "^2.1.1",
                "lodash": "~2.4.1"
            }
        },
        "mongo-object": {
            "version": "0.1.4",
            "resolved": "https://registry.npmjs.org/mongo-object/-/mongo-object-0.1.4.tgz",
            "integrity": "sha512-QtYk0gupWEn2+iB+DDRt1L+WbcNYvJRaHdih/dcqthOa1DbnREUGSs2WGcW478GNYpElflo/yybZXu0sTiRXHg=="
        },
        "mongodb-diff": {
            "version": "0.4.4",
            "resolved": "https://registry.npmjs.org/mongodb-diff/-/mongodb-diff-0.4.4.tgz",
            "integrity": "sha1-9388knMaqeBsYKxoAL3zvDkzc54=",
            "requires": {
                "babel-runtime": "6.x.x",
                "deep-diff": "^0.3.4",
                "lodash": "^4.0.0"
            },
            "dependencies": {
                "lodash": {
                    "version": "4.17.21",
                    "resolved": "https://registry.npmjs.org/lodash/-/lodash-4.17.21.tgz",
                    "integrity": "sha512-v2kDEe57lecTulaDIuNTPy3Ry4gLGJ6Z1O3vE1krgXZNrsQ+LFTGHVxVjcXPs17LhbZVGedAJv8XZ1tvj5FvSg=="
                }
            }
        },
        "once": {
            "version": "1.4.0",
            "resolved": "https://registry.npmjs.org/once/-/once-1.4.0.tgz",
            "integrity": "sha1-WDsap3WWHUsROsF9nFC6753Xa9E=",
            "dev": true,
            "requires": {
                "wrappy": "1"
            }
        },
        "path-is-absolute": {
            "version": "1.0.1",
            "resolved": "https://registry.npmjs.org/path-is-absolute/-/path-is-absolute-1.0.1.tgz",
            "integrity": "sha1-F0uSaHNVNP+8es5r9TpanhtcX18=",
            "dev": true
        },
        "performance-now": {
            "version": "0.2.0",
            "resolved": "https://registry.npmjs.org/performance-now/-/performance-now-0.2.0.tgz",
            "integrity": "sha1-M+8wxcd9TqIcWlOGnZG1bY8lVeU="
        },
        "raf": {
            "version": "3.1.0",
            "resolved": "https://registry.npmjs.org/raf/-/raf-3.1.0.tgz",
            "integrity": "sha1-XYS/gbV/l5+MSSvgg3jFOLtO7Pw=",
            "requires": {
                "performance-now": "~0.2.0"
            }
        },
        "regenerator-runtime": {
            "version": "0.11.1",
            "resolved": "https://registry.npmjs.org/regenerator-runtime/-/regenerator-runtime-0.11.1.tgz",
            "integrity": "sha512-MguG95oij0fC3QV3URf4V2SDYGJhJnJGqvIIgdECeODCT98wSWDAJ94SSuVpYQUoTcGUIL6L4yNB7j1DFFHSBg=="
        },
        "rimraf": {
            "version": "3.0.2",
            "resolved": "https://registry.npmjs.org/rimraf/-/rimraf-3.0.2.tgz",
            "integrity": "sha512-JZkJMZkAGFFPP2YqXZXPbMlMBgsxzE8ILs4lMIX/2o0L9UBw9O/Y3o6wFw/i9YLapcUJWwqbi3kdxIPdC62TIA==",
            "dev": true,
            "requires": {
                "glob": "^7.1.3"
            }
        },
        "simpl-schema": {
            "version": "1.12.0",
            "resolved": "https://registry.npmjs.org/simpl-schema/-/simpl-schema-1.12.0.tgz",
            "integrity": "sha512-lzXC3L8jJbPhNXGR3cjlyIauqqrC5WUJS4O34Ym/wLIvb8K3ZieK+1OfTzs4mBpDc3Y8u53gQFAr1X37DmTcEg==",
            "requires": {
                "clone": "^2.1.2",
                "message-box": "^0.2.7",
                "mongo-object": "^0.1.4"
            }
        },
        "trackr": {
            "version": "2.0.2",
            "resolved": "https://registry.npmjs.org/trackr/-/trackr-2.0.2.tgz",
            "integrity": "sha1-7jixO1gLMN9ejgJw0c89AhLEdF4=",
            "requires": {
                "raf": "~3.1.0"
            }
        },
        "wolfy87-eventemitter": {
            "version": "5.2.9",
            "resolved": "https://registry.npmjs.org/wolfy87-eventemitter/-/wolfy87-eventemitter-5.2.9.tgz",
            "integrity": "sha512-P+6vtWyuDw+MB01X7UeF8TaHBvbCovf4HPEMF/SV7BdDc1SMTiBy13SRD71lQh4ExFTG1d/WNzDGDCyOKSMblw=="
        },
        "wrappy": {
            "version": "1.0.2",
            "resolved": "https://registry.npmjs.org/wrappy/-/wrappy-1.0.2.tgz",
            "integrity": "sha1-tSQ9jz7BqjXxNkYFvA0QNuMKtp8=",
            "dev": true
        }
    }
}
